
Microsoft Visual Studio Solution File, Format Version 12.00
# Visual Studio Version 17
VisualStudioVersion = 17.8.34511.84
MinimumVisualStudioVersion = 10.0.40219.1
Project("{FAE04EC0-301F-11D3-BF4B-00C04F79EFBC}") = "VTFCAnonBot", "VTFCAnonBot\VTFCAnonBot.csproj", "{741C0A06-5FC3-4932-8226-F3AAD2B057CA}"
EndProject
Global
	GlobalSection(SolutionConfigurationPlatforms) = preSolution
		Debug|Any CPU = Debug|Any CPU
		Release|Any CPU = Release|Any CPU
	EndGlobalSection
	GlobalSection(ProjectConfigurationPlatforms) = postSolution
		{741C0A06-5FC3-4932-8226-F3AAD2B057CA}.Debug|Any CPU.ActiveCfg = Debug|Any CPU
		{741C0A06-5FC3-4932-8226-F3AAD2B057CA}.Debug|Any CPU.Build.0 = Debug|Any CPU
		{741C0A06-5FC3-4932-8226-F3AAD2B057CA}.Release|Any CPU.ActiveCfg = Release|Any CPU
		{741C0A06-5FC3-4932-8226-F3AAD2B057CA}.Release|Any CPU.Build.0 = Release|Any CPU
	EndGlobalSection
	GlobalSection(SolutionProperties) = preSolution
		HideSolutionNode = FALSE
	EndGlobalSection
	GlobalSection(ExtensibilityGlobals) = postSolution
		SolutionGuid = {211ADF0A-63F5-466C-B7A2-1314554C260C}
	EndGlobalSection
EndGlobal
